
Microsoft Visual Studio Solution File, Format Version 12.00
# Visual Studio Version 16
VisualStudioVersion = 16.0.29306.81
MinimumVisualStudioVersion = 10.0.40219.1
Project("{FAE04EC0-301F-11D3-BF4B-00C04F79EFBC}") = "CSharp", "CSharp\CSharp.csproj", "{512FAC6D-4C8A-4D80-8CE6-4C44D63BAC00}"
EndProject
Global
	GlobalSection(SolutionConfigurationPlatforms) = preSolution
		Debug|Any CPU = Debug|Any CPU
		Release|Any CPU = Release|Any CPU
	EndGlobalSection
	GlobalSection(ProjectConfigurationPlatforms) = postSolution
		{512FAC6D-4C8A-4D80-8CE6-4C44D63BAC00}.Debug|Any CPU.ActiveCfg = Debug|Any CPU
		{512FAC6D-4C8A-4D80-8CE6-4C44D63BAC00}.Debug|Any CPU.Build.0 = Debug|Any CPU
		{512FAC6D-4C8A-4D80-8CE6-4C44D63BAC00}.Release|Any CPU.ActiveCfg = Release|Any CPU
		{512FAC6D-4C8A-4D80-8CE6-4C44D63BAC00}.Release|Any CPU.Build.0 = Release|Any CPU
	EndGlobalSection
	GlobalSection(SolutionProperties) = preSolution
		HideSolutionNode = FALSE
	EndGlobalSection
	GlobalSection(ExtensibilityGlobals) = postSolution
		SolutionGuid = {0E9E4D22-E685-4EF2-BA3A-A38644BFE2F7}
	EndGlobalSection
EndGlobal
